
Microsoft Visual Studio Solution File, Format Version 12.00
# Visual Studio 2012
Project("{F184B08F-C81C-45F6-A57F-5ABD9991F28F}") = "SACNR Keybinder 2013 Edition", "SACNR Keybinder 2013 Edition.vbproj", "{8BD9CE75-FA04-4DD7-B851-FA4B2C625835}"
EndProject
Global
	GlobalSection(SolutionConfigurationPlatforms) = preSolution
		Debug|Any CPU = Debug|Any CPU
		Release|Any CPU = Release|Any CPU
	EndGlobalSection
	GlobalSection(ProjectConfigurationPlatforms) = postSolution
		{8BD9CE75-FA04-4DD7-B851-FA4B2C625835}.Debug|Any CPU.ActiveCfg = Debug|Any CPU
		{8BD9CE75-FA04-4DD7-B851-FA4B2C625835}.Debug|Any CPU.Build.0 = Debug|Any CPU
		{8BD9CE75-FA04-4DD7-B851-FA4B2C625835}.Release|Any CPU.ActiveCfg = Release|Any CPU
		{8BD9CE75-FA04-4DD7-B851-FA4B2C625835}.Release|Any CPU.Build.0 = Release|Any CPU
	EndGlobalSection
	GlobalSection(SolutionProperties) = preSolution
		HideSolutionNode = FALSE
	EndGlobalSection
EndGlobal
